
Microsoft Visual Studio Solution File, Format Version 12.00
# Visual Studio Version 16
VisualStudioVersion = 16.0.30907.101
MinimumVisualStudioVersion = 10.0.40219.1
Project("{FAE04EC0-301F-11D3-BF4B-00C04F79EFBC}") = "MovieList", "MovieList.csproj", "{DA044BE1-BD51-4D49-9A33-F70504445768}"
EndProject
Global
	GlobalSection(SolutionConfigurationPlatforms) = preSolution
		Debug|Any CPU = Debug|Any CPU
		Release|Any CPU = Release|Any CPU
	EndGlobalSection
	GlobalSection(ProjectConfigurationPlatforms) = postSolution
		{DA044BE1-BD51-4D49-9A33-F70504445768}.Debug|Any CPU.ActiveCfg = Debug|Any CPU
		{DA044BE1-BD51-4D49-9A33-F70504445768}.Debug|Any CPU.Build.0 = Debug|Any CPU
		{DA044BE1-BD51-4D49-9A33-F70504445768}.Release|Any CPU.ActiveCfg = Release|Any CPU
		{DA044BE1-BD51-4D49-9A33-F70504445768}.Release|Any CPU.Build.0 = Release|Any CPU
	EndGlobalSection
	GlobalSection(SolutionProperties) = preSolution
		HideSolutionNode = FALSE
	EndGlobalSection
	GlobalSection(ExtensibilityGlobals) = postSolution
		SolutionGuid = {62EA8481-A66A-4372-84A4-E07DCE4F69A3}
	EndGlobalSection
EndGlobal
